
Microsoft Visual Studio Solution File, Format Version 12.00
# Visual Studio 15
VisualStudioVersion = 15.0.27130.2036
MinimumVisualStudioVersion = 10.0.40219.1
Project("{8BC9CEB8-8B4A-11D0-8D11-00A0C91BC942}") = "ScopeGuard", "ScopeGuard\ScopeGuard.vcxproj", "{6009F2D5-E8DA-422D-B16B-A4CCDD165E65}"
EndProject
Global
	GlobalSection(SolutionConfigurationPlatforms) = preSolution
		Debug|x86 = Debug|x86
		Release|x86 = Release|x86
	EndGlobalSection
	GlobalSection(ProjectConfigurationPlatforms) = postSolution
		{6009F2D5-E8DA-422D-B16B-A4CCDD165E65}.Debug|x86.ActiveCfg = Debug|Win32
		{6009F2D5-E8DA-422D-B16B-A4CCDD165E65}.Debug|x86.Build.0 = Debug|Win32
		{6009F2D5-E8DA-422D-B16B-A4CCDD165E65}.Release|x86.ActiveCfg = Release|Win32
		{6009F2D5-E8DA-422D-B16B-A4CCDD165E65}.Release|x86.Build.0 = Release|Win32
	EndGlobalSection
	GlobalSection(SolutionProperties) = preSolution
		HideSolutionNode = FALSE
	EndGlobalSection
	GlobalSection(ExtensibilityGlobals) = postSolution
		SolutionGuid = {EEF6A490-7EBE-4B4C-9C0E-4AC61452482A}
	EndGlobalSection
EndGlobal
